<?xml version="1.0" encoding="utf-8"?>
<Project ToolsVersion="4.0" xmlns="http://schemas.microsoft.com/developer/msbuild/2003">
  <ItemGroup>
    <ClInclude Include="pch.h">
      <Filter>Default</Filter>
    </ClInclude>
    <ClInclude Include="framework.h">
      <Filter>Default</Filter>
    </ClInclude>
    <ClInclude Include="CMissileScript.h">
      <Filter>ScriptCode</Filter>
    </ClInclude>
    <ClInclude Include="CMonsterScript.h">
      <Filter>ScriptCode</Filter>
    </ClInclude>
    <ClInclude Include="CPlayerScript.h">
      <Filter>ScriptCode</Filter>
    </ClInclude>
    <ClInclude Include="CCameraScript.h">
      <Filter>ScriptCode</Filter>
    </ClInclude>
    <ClInclude Include="CMapScript.h">
      <Filter>ScriptCode</Filter>
    </ClInclude>
    <ClInclude Include="CScriptMgr.h" />
    <ClInclude Include="CObjEventScript.h">
      <Filter>ScriptCode\ObjEventScript</Filter>
    </ClInclude>
    <ClInclude Include="CRedButtonScript.h">
      <Filter>ScriptCode\ObjectScript\Button</Filter>
    </ClInclude>
    <ClInclude Include="CStoneDoorScript.h">
      <Filter>ScriptCode\ObjectScript\StoneDoor</Filter>
    </ClInclude>
    <ClInclude Include="CPushStoneScript.h">
      <Filter>ScriptCode\ObjectScript\PushStone</Filter>
    </ClInclude>
    <ClInclude Include="CPushSmallStoneScript.h">
      <Filter>ScriptCode\ObjectScript\PushStone</Filter>
    </ClInclude>
    <ClInclude Include="CTileCollsion.h">
      <Filter>ScriptCode</Filter>
    </ClInclude>
  </ItemGroup>
  <ItemGroup>
    <Filter Include="Default">
      <UniqueIdentifier>{e4e4557c-e528-467f-8a45-f0ed293e613c}</UniqueIdentifier>
    </Filter>
    <Filter Include="ScriptCode">
      <UniqueIdentifier>{1f77e2bc-7650-48f4-8ed5-a35b7b119fd0}</UniqueIdentifier>
    </Filter>
    <Filter Include="ScriptCode\ObjectScript">
      <UniqueIdentifier>{bcb7b891-852d-432a-82f9-ae7e8bea8e0c}</UniqueIdentifier>
    </Filter>
    <Filter Include="ScriptCode\ObjEventScript">
      <UniqueIdentifier>{66244720-4324-465b-a304-74d5ab818220}</UniqueIdentifier>
    </Filter>
    <Filter Include="ScriptCode\ObjectScript\Button">
      <UniqueIdentifier>{6311a4f4-76f2-429d-9ac5-6b2d07bc047a}</UniqueIdentifier>
    </Filter>
    <Filter Include="ScriptCode\ObjectScript\PushStone">
      <UniqueIdentifier>{8d41792e-6dba-40d0-9053-7c5c4cf559a8}</UniqueIdentifier>
    </Filter>
    <Filter Include="ScriptCode\ObjectScript\StoneDoor">
      <UniqueIdentifier>{a874d686-cb11-4c19-b20c-d95ce4eb8a9c}</UniqueIdentifier>
    </Filter>
  </ItemGroup>
  <ItemGroup>
    <ClCompile Include="pch.cpp">
      <Filter>Default</Filter>
    </ClCompile>
    <ClCompile Include="CMissileScript.cpp">
      <Filter>ScriptCode</Filter>
    </ClCompile>
    <ClCompile Include="CMonsterScript.cpp">
      <Filter>ScriptCode</Filter>
    </ClCompile>
    <ClCompile Include="CPlayerScript.cpp">
      <Filter>ScriptCode</Filter>
    </ClCompile>
    <ClCompile Include="CCameraScript.cpp">
      <Filter>ScriptCode</Filter>
    </ClCompile>
    <ClCompile Include="CMapScript.cpp">
      <Filter>ScriptCode</Filter>
    </ClCompile>
    <ClCompile Include="CScriptMgr.cpp" />
    <ClCompile Include="CObjEventScript.cpp">
      <Filter>ScriptCode\ObjEventScript</Filter>
    </ClCompile>
    <ClCompile Include="CRedButtonScript.cpp">
      <Filter>ScriptCode\ObjectScript\Button</Filter>
    </ClCompile>
    <ClCompile Include="CStoneDoorScript.cpp">
      <Filter>ScriptCode\ObjectScript\StoneDoor</Filter>
    </ClCompile>
    <ClCompile Include="CPushStoneScript.cpp">
      <Filter>ScriptCode\ObjectScript\PushStone</Filter>
    </ClCompile>
    <ClCompile Include="CPushSmallStoneScript.cpp">
      <Filter>ScriptCode\ObjectScript\PushStone</Filter>
    </ClCompile>
    <ClCompile Include="CTileCollsion.cpp">
      <Filter>ScriptCode</Filter>
    </ClCompile>
  </ItemGroup>
</Project>